
Microsoft Visual Studio Solution File, Format Version 12.00
# Visual Studio Version 17
VisualStudioVersion = 17.4.33213.308
MinimumVisualStudioVersion = 10.0.40219.1
Project("{FAE04EC0-301F-11D3-BF4B-00C04F79EFBC}") = "DynamicProgrammingPractice", "DynamicProgrammingPractice.csproj", "{0920FE56-72A5-41AE-A084-F64497B94CAD}"
EndProject
Global
	GlobalSection(SolutionConfigurationPlatforms) = preSolution
		Debug|Any CPU = Debug|Any CPU
		Release|Any CPU = Release|Any CPU
	EndGlobalSection
	GlobalSection(ProjectConfigurationPlatforms) = postSolution
		{0920FE56-72A5-41AE-A084-F64497B94CAD}.Debug|Any CPU.ActiveCfg = Debug|Any CPU
		{0920FE56-72A5-41AE-A084-F64497B94CAD}.Debug|Any CPU.Build.0 = Debug|Any CPU
		{0920FE56-72A5-41AE-A084-F64497B94CAD}.Release|Any CPU.ActiveCfg = Release|Any CPU
		{0920FE56-72A5-41AE-A084-F64497B94CAD}.Release|Any CPU.Build.0 = Release|Any CPU
	EndGlobalSection
	GlobalSection(SolutionProperties) = preSolution
		HideSolutionNode = FALSE
	EndGlobalSection
	GlobalSection(ExtensibilityGlobals) = postSolution
		SolutionGuid = {DADC79F6-E872-4F3A-B64A-C5B349D72708}
	EndGlobalSection
EndGlobal
